PODS:
  - AFNetworkActivityLogger (2.0.4):
    - AFNetworking/NSURLConnection (~> 2.0)
    - AFNetworking/NSURLSession (~> 2.0)
  - AFNetworking (2.5.1):
    - AFNetworking/NSURLConnection (= 2.5.1)
    - AFNetworking/NSURLSession (= 2.5.1)
    - AFNetworking/Reachability (= 2.5.1)
    - AFNetworking/Security (= 2.5.1)
    - AFNetworking/Serialization (= 2.5.1)
    - AFNetworking/UIKit (= 2.5.1)
  - AFNetworking/NSURLConnection (2.5.1):
    - AFNetworking/Reachability
    - AFNetworking/Security
    - AFNetworking/Serialization
  - AFNetworking/NSURLSession (2.5.1):
    - AFNetworking/Reachability
    - AFNetworking/Security
    - AFNetworking/Serialization
  - AFNetworking/Reachability (2.5.1)
  - AFNetworking/Security (2.5.1)
  - AFNetworking/Serialization (2.5.1)
  - AFNetworking/UIKit (2.5.1):
    - AFNetworking/NSURLConnection
    - AFNetworking/NSURLSession
  - TPKeyboardAvoiding (1.2.6)

DEPENDENCIES:
  - AFNetworkActivityLogger (~> 2.0)
  - AFNetworking (~> 2.5)
  - TPKeyboardAvoiding (~> 1.2)

SPEC CHECKSUMS:
  AFNetworkActivityLogger: cdaa92ea0d544835babe0ba097e7806182d8f837
  AFNetworking: 8bee59492a6ff15d69130efa4d0dc67e0094a52a
  TPKeyboardAvoiding: 0797ad5f2366e2435e605202b01f3b7cff5d82cd

COCOAPODS: 0.36.0.beta.2
